
Microsoft Visual Studio Solution File, Format Version 12.00
# Visual Studio Version 17
VisualStudioVersion = 17.8.34525.116
MinimumVisualStudioVersion = 10.0.40219.1
Project("{9A19103F-16F7-4668-BE54-9A1E7A4F7556}") = "SimpleFactory", "SimpleFactory.csproj", "{1A9B152E-7B48-4647-8DF2-E293D2463E24}"
EndProject
Project("{9A19103F-16F7-4668-BE54-9A1E7A4F7556}") = "FactoryMethod", "..\FactoryMethod\FactoryMethod.csproj", "{576D5E84-5F02-4386-BB20-D97C0E76CA14}"
EndProject
Project("{9A19103F-16F7-4668-BE54-9A1E7A4F7556}") = "AbstractFactory", "..\AbstractFactory\AbstractFactory.csproj", "{B856952E-1203-4AEE-AE44-C0DF9B4E9328}"
EndProject
Project("{9A19103F-16F7-4668-BE54-9A1E7A4F7556}") = "AbstractFactoryWithAbstractClass", "..\..\design-patterns_old\AbstractFactoryWithAbstractClass\AbstractFactoryWithAbstractClass.csproj", "{1934970B-6F6A-4997-A7DE-C0050250A1FC}"
EndProject
Global
	GlobalSection(SolutionConfigurationPlatforms) = preSolution
		Debug|Any CPU = Debug|Any CPU
		Release|Any CPU = Release|Any CPU
	EndGlobalSection
	GlobalSection(ProjectConfigurationPlatforms) = postSolution
		{1A9B152E-7B48-4647-8DF2-E293D2463E24}.Debug|Any CPU.ActiveCfg = Debug|Any CPU
		{1A9B152E-7B48-4647-8DF2-E293D2463E24}.Debug|Any CPU.Build.0 = Debug|Any CPU
		{1A9B152E-7B48-4647-8DF2-E293D2463E24}.Release|Any CPU.ActiveCfg = Release|Any CPU
		{1A9B152E-7B48-4647-8DF2-E293D2463E24}.Release|Any CPU.Build.0 = Release|Any CPU
		{576D5E84-5F02-4386-BB20-D97C0E76CA14}.Debug|Any CPU.ActiveCfg = Debug|Any CPU
		{576D5E84-5F02-4386-BB20-D97C0E76CA14}.Debug|Any CPU.Build.0 = Debug|Any CPU
		{576D5E84-5F02-4386-BB20-D97C0E76CA14}.Release|Any CPU.ActiveCfg = Release|Any CPU
		{576D5E84-5F02-4386-BB20-D97C0E76CA14}.Release|Any CPU.Build.0 = Release|Any CPU
		{B856952E-1203-4AEE-AE44-C0DF9B4E9328}.Debug|Any CPU.ActiveCfg = Debug|Any CPU
		{B856952E-1203-4AEE-AE44-C0DF9B4E9328}.Debug|Any CPU.Build.0 = Debug|Any CPU
		{B856952E-1203-4AEE-AE44-C0DF9B4E9328}.Release|Any CPU.ActiveCfg = Release|Any CPU
		{B856952E-1203-4AEE-AE44-C0DF9B4E9328}.Release|Any CPU.Build.0 = Release|Any CPU
		{1934970B-6F6A-4997-A7DE-C0050250A1FC}.Debug|Any CPU.ActiveCfg = Debug|Any CPU
		{1934970B-6F6A-4997-A7DE-C0050250A1FC}.Debug|Any CPU.Build.0 = Debug|Any CPU
		{1934970B-6F6A-4997-A7DE-C0050250A1FC}.Release|Any CPU.ActiveCfg = Release|Any CPU
		{1934970B-6F6A-4997-A7DE-C0050250A1FC}.Release|Any CPU.Build.0 = Release|Any CPU
	EndGlobalSection
	GlobalSection(SolutionProperties) = preSolution
		HideSolutionNode = FALSE
	EndGlobalSection
	GlobalSection(ExtensibilityGlobals) = postSolution
		SolutionGuid = {68919D37-0CA2-4E3A-BF7F-9E46E6751CD9}
	EndGlobalSection
EndGlobal
